// !$*UTF8*$!
{
	archiveVersion = 1;
	classes = {
	};
	objectVersion = 56;
	objects = {

/* Begin PBXBuildFile section */
		BF5877942BB6C05900988AE5 /* MessengerTutorialApp.swift in Sources */ = {isa = PBXBuildFile; fileRef = BF5877932BB6C05900988AE5 /* MessengerTutorialApp.swift */; };
		BF5877962BB6C05900988AE5 /* ContentView.swift in Sources */ = {isa = PBXBuildFile; fileRef = BF5877952BB6C05900988AE5 /* ContentView.swift */; };
		BF5877982BB6C05B00988AE5 /* Assets.xcassets in Resources */ = {isa = PBXBuildFile; fileRef = BF5877972BB6C05B00988AE5 /* Assets.xcassets */; };
		BF58779B2BB6C05B00988AE5 /* Preview Assets.xcassets in Resources */ = {isa = PBXBuildFile; fileRef = BF58779A2BB6C05B00988AE5 /* Preview Assets.xcassets */; };
		BF5877AA2BB6C0AC00988AE5 /* LoginView.swift in Sources */ = {isa = PBXBuildFile; fileRef = BF5877A92BB6C0AC00988AE5 /* LoginView.swift */; };
		BF5877AC2BB6EE3500988AE5 /* RegistrationView.swift in Sources */ = {isa = PBXBuildFile; fileRef = BF5877AB2BB6EE3500988AE5 /* RegistrationView.swift */; };
		BF5877AF2BB6F3DA00988AE5 /* InboxView.swift in Sources */ = {isa = PBXBuildFile; fileRef = BF5877AE2BB6F3DA00988AE5 /* InboxView.swift */; };
		BF5877B22BB6F48800988AE5 /* ActiveNowView.swift in Sources */ = {isa = PBXBuildFile; fileRef = BF5877B12BB6F48800988AE5 /* ActiveNowView.swift */; };
		BF5877B42BB6F5DD00988AE5 /* InboxRowView.swift in Sources */ = {isa = PBXBuildFile; fileRef = BF5877B32BB6F5DD00988AE5 /* InboxRowView.swift */; };
		BF5877B72BB6F86300988AE5 /* NewMessageView.swift in Sources */ = {isa = PBXBuildFile; fileRef = BF5877B62BB6F86300988AE5 /* NewMessageView.swift */; };
		BF5877BC2BB6FBBE00988AE5 /* ProfileView.swift in Sources */ = {isa = PBXBuildFile; fileRef = BF5877BB2BB6FBBE00988AE5 /* ProfileView.swift */; };
		BF5877BE2BB6FCA700988AE5 /* SettingsOptionsViewModel.swift in Sources */ = {isa = PBXBuildFile; fileRef = BF5877BD2BB6FCA700988AE5 /* SettingsOptionsViewModel.swift */; };
		BF5877C02BB79DE800988AE5 /* ProfileViewModel.swift in Sources */ = {isa = PBXBuildFile; fileRef = BF5877BF2BB79DE800988AE5 /* ProfileViewModel.swift */; };
		BF5877C22BB7A02400988AE5 /* User.swift in Sources */ = {isa = PBXBuildFile; fileRef = BF5877C12BB7A02400988AE5 /* User.swift */; };
		BF5877C52BB7A32600988AE5 /* CircularProfileImageView.swift in Sources */ = {isa = PBXBuildFile; fileRef = BF5877C42BB7A32600988AE5 /* CircularProfileImageView.swift */; };
		BF5877C82BB7A51D00988AE5 /* ChatView.swift in Sources */ = {isa = PBXBuildFile; fileRef = BF5877C72BB7A51D00988AE5 /* ChatView.swift */; };
		BF5877CA2BB7A6E200988AE5 /* ChatMessageCell.swift in Sources */ = {isa = PBXBuildFile; fileRef = BF5877C92BB7A6E200988AE5 /* ChatMessageCell.swift */; };
		BF5877CC2BB7A8D100988AE5 /* ChatBubble.swift in Sources */ = {isa = PBXBuildFile; fileRef = BF5877CB2BB7A8D000988AE5 /* ChatBubble.swift */; };
		BF5877CE2BB7F7D000988AE5 /* GoogleService-Info.plist in Resources */ = {isa = PBXBuildFile; fileRef = BF5877CD2BB7F7D000988AE5 /* GoogleService-Info.plist */; };
		BF5877D12BB7F83F00988AE5 /* FirebaseAuth in Frameworks */ = {isa = PBXBuildFile; productRef = BF5877D02BB7F83F00988AE5 /* FirebaseAuth */; };
		BF5877D32BB7F83F00988AE5 /* FirebaseFirestore in Frameworks */ = {isa = PBXBuildFile; productRef = BF5877D22BB7F83F00988AE5 /* FirebaseFirestore */; };
		BF5877D52BB7F83F00988AE5 /* FirebaseFirestoreSwift in Frameworks */ = {isa = PBXBuildFile; productRef = BF5877D42BB7F83F00988AE5 /* FirebaseFirestoreSwift */; };
		BF5877D72BB7F83F00988AE5 /* FirebaseStorage in Frameworks */ = {isa = PBXBuildFile; productRef = BF5877D62BB7F83F00988AE5 /* FirebaseStorage */; };
		BF5877DB2BB7FA4900988AE5 /* LoginViewModel.swift in Sources */ = {isa = PBXBuildFile; fileRef = BF5877DA2BB7FA4900988AE5 /* LoginViewModel.swift */; };
		BF5877DD2BB7FA6400988AE5 /* RegistrationViewModel.swift in Sources */ = {isa = PBXBuildFile; fileRef = BF5877DC2BB7FA6400988AE5 /* RegistrationViewModel.swift */; };
		BF5877DF2BB7FA7D00988AE5 /* AuthService.swift in Sources */ = {isa = PBXBuildFile; fileRef = BF5877DE2BB7FA7D00988AE5 /* AuthService.swift */; };
		BF5877E32BB7FFDF00988AE5 /* ContentViewModel.swift in Sources */ = {isa = PBXBuildFile; fileRef = BF5877E22BB7FFDF00988AE5 /* ContentViewModel.swift */; };
		BF5877E52BB807B200988AE5 /* UserService.swift in Sources */ = {isa = PBXBuildFile; fileRef = BF5877E42BB807B100988AE5 /* UserService.swift */; };
/* End PBXBuildFile section */

/* Begin PBXFileReference section */
		BF5877902BB6C05900988AE5 /* MessengerTutorial.app */ = {isa = PBXFileReference; explicitFileType = wrapper.application; includeInIndex = 0; path = MessengerTutorial.app; sourceTree = BUILT_PRODUCTS_DIR; };
		BF5877932BB6C05900988AE5 /* MessengerTutorialApp.swift */ = {isa = PBXFileReference; lastKnownFileType = sourcecode.swift; path = MessengerTutorialApp.swift; sourceTree = "<group>"; };
		BF5877952BB6C05900988AE5 /* ContentView.swift */ = {isa = PBXFileReference; lastKnownFileType = sourcecode.swift; path = ContentView.swift; sourceTree = "<group>"; };
		BF5877972BB6C05B00988AE5 /* Assets.xcassets */ = {isa = PBXFileReference; lastKnownFileType = folder.assetcatalog; path = Assets.xcassets; sourceTree = "<group>"; };
		BF58779A2BB6C05B00988AE5 /* Preview Assets.xcassets */ = {isa = PBXFileReference; lastKnownFileType = folder.assetcatalog; path = "Preview Assets.xcassets"; sourceTree = "<group>"; };
		BF5877A92BB6C0AC00988AE5 /* LoginView.swift */ = {isa = PBXFileReference; lastKnownFileType = sourcecode.swift; path = LoginView.swift; sourceTree = "<group>"; };
		BF5877AB2BB6EE3500988AE5 /* RegistrationView.swift */ = {isa = PBXFileReference; lastKnownFileType = sourcecode.swift; path = RegistrationView.swift; sourceTree = "<group>"; };
		BF5877AE2BB6F3DA00988AE5 /* InboxView.swift */ = {isa = PBXFileReference; lastKnownFileType = sourcecode.swift; path = InboxView.swift; sourceTree = "<group>"; };
		BF5877B12BB6F48800988AE5 /* ActiveNowView.swift */ = {isa = PBXFileReference; lastKnownFileType = sourcecode.swift; path = ActiveNowView.swift; sourceTree = "<group>"; };
		BF5877B32BB6F5DD00988AE5 /* InboxRowView.swift */ = {isa = PBXFileReference; lastKnownFileType = sourcecode.swift; path = InboxRowView.swift; sourceTree = "<group>"; };
		BF5877B62BB6F86300988AE5 /* NewMessageView.swift */ = {isa = PBXFileReference; lastKnownFileType = sourcecode.swift; path = NewMessageView.swift; sourceTree = "<group>"; };
		BF5877BB2BB6FBBE00988AE5 /* ProfileView.swift */ = {isa = PBXFileReference; lastKnownFileType = sourcecode.swift; path = ProfileView.swift; sourceTree = "<group>"; };
		BF5877BD2BB6FCA700988AE5 /* SettingsOptionsViewModel.swift */ = {isa = PBXFileReference; lastKnownFileType = sourcecode.swift; path = SettingsOptionsViewModel.swift; sourceTree = "<group>"; };
		BF5877BF2BB79DE800988AE5 /* ProfileViewModel.swift */ = {isa = PBXFileReference; lastKnownFileType = sourcecode.swift; path = ProfileViewModel.swift; sourceTree = "<group>"; };
		BF5877C12BB7A02400988AE5 /* User.swift */ = {isa = PBXFileReference; lastKnownFileType = sourcecode.swift; path = User.swift; sourceTree = "<group>"; };
		BF5877C42BB7A32600988AE5 /* CircularProfileImageView.swift */ = {isa = PBXFileReference; lastKnownFileType = sourcecode.swift; path = CircularProfileImageView.swift; sourceTree = "<group>"; };
		BF5877C72BB7A51D00988AE5 /* ChatView.swift */ = {isa = PBXFileReference; lastKnownFileType = sourcecode.swift; path = ChatView.swift; sourceTree = "<group>"; };
		BF5877C92BB7A6E200988AE5 /* ChatMessageCell.swift */ = {isa = PBXFileReference; lastKnownFileType = sourcecode.swift; path = ChatMessageCell.swift; sourceTree = "<group>"; };
		BF5877CB2BB7A8D000988AE5 /* ChatBubble.swift */ = {isa = PBXFileReference; lastKnownFileType = sourcecode.swift; path = ChatBubble.swift; sourceTree = "<group>"; };
		BF5877CD2BB7F7D000988AE5 /* GoogleService-Info.plist */ = {isa = PBXFileReference; fileEncoding = 4; lastKnownFileType = text.plist.xml; path = "GoogleService-Info.plist"; sourceTree = "<group>"; };
		BF5877DA2BB7FA4900988AE5 /* LoginViewModel.swift */ = {isa = PBXFileReference; lastKnownFileType = sourcecode.swift; path = LoginViewModel.swift; sourceTree = "<group>"; };
		BF5877DC2BB7FA6400988AE5 /* RegistrationViewModel.swift */ = {isa = PBXFileReference; lastKnownFileType = sourcecode.swift; path = RegistrationViewModel.swift; sourceTree = "<group>"; };
		BF5877DE2BB7FA7D00988AE5 /* AuthService.swift */ = {isa = PBXFileReference; lastKnownFileType = sourcecode.swift; path = AuthService.swift; sourceTree = "<group>"; };
		BF5877E22BB7FFDF00988AE5 /* ContentViewModel.swift */ = {isa = PBXFileReference; lastKnownFileType = sourcecode.swift; path = ContentViewModel.swift; sourceTree = "<group>"; };
		BF5877E42BB807B100988AE5 /* UserService.swift */ = {isa = PBXFileReference; lastKnownFileType = sourcecode.swift; path = UserService.swift; sourceTree = "<group>"; };
/* End PBXFileReference section */

/* Begin PBXFrameworksBuildPhase section */
		BF58778D2BB6C05900988AE5 /* Frameworks */ = {
			isa = PBXFrameworksBuildPhase;
			buildActionMask = 2147483647;
			files = (
				BF5877D12BB7F83F00988AE5 /* FirebaseAuth in Frameworks */,
				BF5877D72BB7F83F00988AE5 /* FirebaseStorage in Frameworks */,
				BF5877D32BB7F83F00988AE5 /* FirebaseFirestore in Frameworks */,
				BF5877D52BB7F83F00988AE5 /* FirebaseFirestoreSwift in Frameworks */,
			);
			runOnlyForDeploymentPostprocessing = 0;
		};
/* End PBXFrameworksBuildPhase section */

/* Begin PBXGroup section */
		BF5877872BB6C05900988AE5 = {
			isa = PBXGroup;
			children = (
				BF5877922BB6C05900988AE5 /* MessengerTutorial */,
				BF5877912BB6C05900988AE5 /* Products */,
			);
			sourceTree = "<group>";
		};
		BF5877912BB6C05900988AE5 /* Products */ = {
			isa = PBXGroup;
			children = (
				BF5877902BB6C05900988AE5 /* MessengerTutorial.app */,
			);
			name = Products;
			sourceTree = "<group>";
		};
		BF5877922BB6C05900988AE5 /* MessengerTutorial */ = {
			isa = PBXGroup;
			children = (
				BF5877A52BB6C08200988AE5 /* App */,
				BF5877A42BB6C08200988AE5 /* Extensions */,
				BF5877A32BB6C08100988AE5 /* Core */,
				BF5877A22BB6C08000988AE5 /* Model */,
				BF5877A12BB6C07F00988AE5 /* Service */,
				BF5877CD2BB7F7D000988AE5 /* GoogleService-Info.plist */,
				BF5877972BB6C05B00988AE5 /* Assets.xcassets */,
				BF5877992BB6C05B00988AE5 /* Preview Content */,
			);
			path = MessengerTutorial;
			sourceTree = "<group>";
		};
		BF5877992BB6C05B00988AE5 /* Preview Content */ = {
			isa = PBXGroup;
			children = (
				BF58779A2BB6C05B00988AE5 /* Preview Assets.xcassets */,
			);
			path = "Preview Content";
			sourceTree = "<group>";
		};
		BF5877A12BB6C07F00988AE5 /* Service */ = {
			isa = PBXGroup;
			children = (
				BF5877E42BB807B100988AE5 /* UserService.swift */,
			);
			path = Service;
			sourceTree = "<group>";
		};
		BF5877A22BB6C08000988AE5 /* Model */ = {
			isa = PBXGroup;
			children = (
				BF5877C12BB7A02400988AE5 /* User.swift */,
			);
			path = Model;
			sourceTree = "<group>";
		};
		BF5877A32BB6C08100988AE5 /* Core */ = {
			isa = PBXGroup;
			children = (
				BF5877B02BB6F48000988AE5 /* ActiveNow */,
				BF5877A62BB6C09300988AE5 /* Authentication */,
				BF5877C62BB7A51200988AE5 /* Chat */,
				BF5877C32BB7A30D00988AE5 /* Components */,
				BF5877AD2BB6F3CF00988AE5 /* Inbox */,
				BF5877B52BB6F85700988AE5 /* NewMessage */,
				BF5877B82BB6FBA500988AE5 /* Profile */,
				BF5877A72BB6C09800988AE5 /* Root */,
			);
			path = Core;
			sourceTree = "<group>";
		};
		BF5877A42BB6C08200988AE5 /* Extensions */ = {
			isa = PBXGroup;
			children = (
			);
			path = Extensions;
			sourceTree = "<group>";
		};
		BF5877A52BB6C08200988AE5 /* App */ = {
			isa = PBXGroup;
			children = (
				BF5877932BB6C05900988AE5 /* MessengerTutorialApp.swift */,
			);
			path = App;
			sourceTree = "<group>";
		};
		BF5877A62BB6C09300988AE5 /* Authentication */ = {
			isa = PBXGroup;
			children = (
				BF5877D92BB7FA3600988AE5 /* Service */,
				BF5877D82BB7FA3400988AE5 /* ViewModel */,
				BF5877A82BB6C0A600988AE5 /* View */,
			);
			path = Authentication;
			sourceTree = "<group>";
		};
		BF5877A72BB6C09800988AE5 /* Root */ = {
			isa = PBXGroup;
			children = (
				BF5877E12BB7FFCD00988AE5 /* View */,
				BF5877E02BB7FFCC00988AE5 /* ViewModel */,
			);
			path = Root;
			sourceTree = "<group>";
		};
		BF5877A82BB6C0A600988AE5 /* View */ = {
			isa = PBXGroup;
			children = (
				BF5877A92BB6C0AC00988AE5 /* LoginView.swift */,
				BF5877AB2BB6EE3500988AE5 /* RegistrationView.swift */,
			);
			path = View;
			sourceTree = "<group>";
		};
		BF5877AD2BB6F3CF00988AE5 /* Inbox */ = {
			isa = PBXGroup;
			children = (
				BF5877AE2BB6F3DA00988AE5 /* InboxView.swift */,
				BF5877B32BB6F5DD00988AE5 /* InboxRowView.swift */,
			);
			path = Inbox;
			sourceTree = "<group>";
		};
		BF5877B02BB6F48000988AE5 /* ActiveNow */ = {
			isa = PBXGroup;
			children = (
				BF5877B12BB6F48800988AE5 /* ActiveNowView.swift */,
			);
			path = ActiveNow;
			sourceTree = "<group>";
		};
		BF5877B52BB6F85700988AE5 /* NewMessage */ = {
			isa = PBXGroup;
			children = (
				BF5877B62BB6F86300988AE5 /* NewMessageView.swift */,
			);
			path = NewMessage;
			sourceTree = "<group>";
		};
		BF5877B82BB6FBA500988AE5 /* Profile */ = {
			isa = PBXGroup;
			children = (
				BF5877BA2BB6FBB200988AE5 /* View */,
				BF5877B92BB6FBB100988AE5 /* ViewModel */,
			);
			path = Profile;
			sourceTree = "<group>";
		};
		BF5877B92BB6FBB100988AE5 /* ViewModel */ = {
			isa = PBXGroup;
			children = (
				BF5877BD2BB6FCA700988AE5 /* SettingsOptionsViewModel.swift */,
				BF5877BF2BB79DE800988AE5 /* ProfileViewModel.swift */,
			);
			path = ViewModel;
			sourceTree = "<group>";
		};
		BF5877BA2BB6FBB200988AE5 /* View */ = {
			isa = PBXGroup;
			children = (
				BF5877BB2BB6FBBE00988AE5 /* ProfileView.swift */,
			);
			path = View;
			sourceTree = "<group>";
		};
		BF5877C32BB7A30D00988AE5 /* Components */ = {
			isa = PBXGroup;
			children = (
				BF5877C42BB7A32600988AE5 /* CircularProfileImageView.swift */,
			);
			path = Components;
			sourceTree = "<group>";
		};
		BF5877C62BB7A51200988AE5 /* Chat */ = {
			isa = PBXGroup;
			children = (
				BF5877C72BB7A51D00988AE5 /* ChatView.swift */,
				BF5877C92BB7A6E200988AE5 /* ChatMessageCell.swift */,
				BF5877CB2BB7A8D000988AE5 /* ChatBubble.swift */,
			);
			path = Chat;
			sourceTree = "<group>";
		};
		BF5877D82BB7FA3400988AE5 /* ViewModel */ = {
			isa = PBXGroup;
			children = (
				BF5877DA2BB7FA4900988AE5 /* LoginViewModel.swift */,
				BF5877DC2BB7FA6400988AE5 /* RegistrationViewModel.swift */,
			);
			path = ViewModel;
			sourceTree = "<group>";
		};
		BF5877D92BB7FA3600988AE5 /* Service */ = {
			isa = PBXGroup;
			children = (
				BF5877DE2BB7FA7D00988AE5 /* AuthService.swift */,
			);
			path = Service;
			sourceTree = "<group>";
		};
		BF5877E02BB7FFCC00988AE5 /* ViewModel */ = {
			isa = PBXGroup;
			children = (
				BF5877E22BB7FFDF00988AE5 /* ContentViewModel.swift */,
			);
			path = ViewModel;
			sourceTree = "<group>";
		};
		BF5877E12BB7FFCD00988AE5 /* View */ = {
			isa = PBXGroup;
			children = (
				BF5877952BB6C05900988AE5 /* ContentView.swift */,
			);
			path = View;
			sourceTree = "<group>";
		};
/* End PBXGroup section */

/* Begin PBXNativeTarget section */
		BF58778F2BB6C05900988AE5 /* MessengerTutorial */ = {
			isa = PBXNativeTarget;
			buildConfigurationList = BF58779E2BB6C05B00988AE5 /* Build configuration list for PBXNativeTarget "MessengerTutorial" */;
			buildPhases = (
				BF58778C2BB6C05900988AE5 /* Sources */,
				BF58778D2BB6C05900988AE5 /* Frameworks */,
				BF58778E2BB6C05900988AE5 /* Resources */,
			);
			buildRules = (
			);
			dependencies = (
			);
			name = MessengerTutorial;
			packageProductDependencies = (
				BF5877D02BB7F83F00988AE5 /* FirebaseAuth */,
				BF5877D22BB7F83F00988AE5 /* FirebaseFirestore */,
				BF5877D42BB7F83F00988AE5 /* FirebaseFirestoreSwift */,
				BF5877D62BB7F83F00988AE5 /* FirebaseStorage */,
			);
			productName = MessengerTutorial;
			productReference = BF5877902BB6C05900988AE5 /* MessengerTutorial.app */;
			productType = "com.apple.product-type.application";
		};
/* End PBXNativeTarget section */

/* Begin PBXProject section */
		BF5877882BB6C05900988AE5 /* Project object */ = {
			isa = PBXProject;
			attributes = {
				BuildIndependentTargetsInParallel = 1;
				LastSwiftUpdateCheck = 1530;
				LastUpgradeCheck = 1530;
				TargetAttributes = {
					BF58778F2BB6C05900988AE5 = {
						CreatedOnToolsVersion = 15.3;
					};
				};
			};
			buildConfigurationList = BF58778B2BB6C05900988AE5 /* Build configuration list for PBXProject "MessengerTutorial" */;
			compatibilityVersion = "Xcode 14.0";
			developmentRegion = en;
			hasScannedForEncodings = 0;
			knownRegions = (
				en,
				Base,
			);
			mainGroup = BF5877872BB6C05900988AE5;
			packageReferences = (
				BF5877CF2BB7F83F00988AE5 /* XCRemoteSwiftPackageReference "firebase-ios-sdk" */,
			);
			productRefGroup = BF5877912BB6C05900988AE5 /* Products */;
			projectDirPath = "";
			projectRoot = "";
			targets = (
				BF58778F2BB6C05900988AE5 /* MessengerTutorial */,
			);
		};
/* End PBXProject section */

/* Begin PBXResourcesBuildPhase section */
		BF58778E2BB6C05900988AE5 /* Resources */ = {
			isa = PBXResourcesBuildPhase;
			buildActionMask = 2147483647;
			files = (
				BF58779B2BB6C05B00988AE5 /* Preview Assets.xcassets in Resources */,
				BF5877982BB6C05B00988AE5 /* Assets.xcassets in Resources */,
				BF5877CE2BB7F7D000988AE5 /* GoogleService-Info.plist in Resources */,
			);
			runOnlyForDeploymentPostprocessing = 0;
		};
/* End PBXResourcesBuildPhase section */

/* Begin PBXSourcesBuildPhase section */
		BF58778C2BB6C05900988AE5 /* Sources */ = {
			isa = PBXSourcesBuildPhase;
			buildActionMask = 2147483647;
			files = (
				BF5877B42BB6F5DD00988AE5 /* InboxRowView.swift in Sources */,
				BF5877DD2BB7FA6400988AE5 /* RegistrationViewModel.swift in Sources */,
				BF5877BC2BB6FBBE00988AE5 /* ProfileView.swift in Sources */,
				BF5877B72BB6F86300988AE5 /* NewMessageView.swift in Sources */,
				BF5877E32BB7FFDF00988AE5 /* ContentViewModel.swift in Sources */,
				BF5877AA2BB6C0AC00988AE5 /* LoginView.swift in Sources */,
				BF5877C82BB7A51D00988AE5 /* ChatView.swift in Sources */,
				BF5877DF2BB7FA7D00988AE5 /* AuthService.swift in Sources */,
				BF5877962BB6C05900988AE5 /* ContentView.swift in Sources */,
				BF5877CA2BB7A6E200988AE5 /* ChatMessageCell.swift in Sources */,
				BF5877CC2BB7A8D100988AE5 /* ChatBubble.swift in Sources */,
				BF5877C52BB7A32600988AE5 /* CircularProfileImageView.swift in Sources */,
				BF5877AF2BB6F3DA00988AE5 /* InboxView.swift in Sources */,
				BF5877DB2BB7FA4900988AE5 /* LoginViewModel.swift in Sources */,
				BF5877E52BB807B200988AE5 /* UserService.swift in Sources */,
				BF5877B22BB6F48800988AE5 /* ActiveNowView.swift in Sources */,
				BF5877C02BB79DE800988AE5 /* ProfileViewModel.swift in Sources */,
				BF5877C22BB7A02400988AE5 /* User.swift in Sources */,
				BF5877942BB6C05900988AE5 /* MessengerTutorialApp.swift in Sources */,
				BF5877BE2BB6FCA700988AE5 /* SettingsOptionsViewModel.swift in Sources */,
				BF5877AC2BB6EE3500988AE5 /* RegistrationView.swift in Sources */,
			);
			runOnlyForDeploymentPostprocessing = 0;
		};
/* End PBXSourcesBuildPhase section */

/* Begin XCBuildConfiguration section */
		BF58779C2BB6C05B00988AE5 /* Debug */ = {
			isa = XCBuildConfiguration;
			buildSettings = {
				ALWAYS_SEARCH_USER_PATHS = NO;
				ASSETCATALOG_COMPILER_GENERATE_SWIFT_ASSET_SYMBOL_EXTENSIONS = YES;
				CLANG_ANALYZER_NONNULL = YES;
				CLANG_ANALYZER_NUMBER_OBJECT_CONVERSION = YES_AGGRESSIVE;
				CLANG_CXX_LANGUAGE_STANDARD = "gnu++20";
				CLANG_ENABLE_MODULES = YES;
				CLANG_ENABLE_OBJC_ARC = YES;
				CLANG_ENABLE_OBJC_WEAK = YES;
				CLANG_WARN_BLOCK_CAPTURE_AUTORELEASING = YES;
				CLANG_WARN_BOOL_CONVERSION = YES;
				CLANG_WARN_COMMA = YES;
				CLANG_WARN_CONSTANT_CONVERSION = YES;
				CLANG_WARN_DEPRECATED_OBJC_IMPLEMENTATIONS = YES;
				CLANG_WARN_DIRECT_OBJC_ISA_USAGE = YES_ERROR;
				CLANG_WARN_DOCUMENTATION_COMMENTS = YES;
				CLANG_WARN_EMPTY_BODY = YES;
				CLANG_WARN_ENUM_CONVERSION = YES;
				CLANG_WARN_INFINITE_RECURSION = YES;
				CLANG_WARN_INT_CONVERSION = YES;
				CLANG_WARN_NON_LITERAL_NULL_CONVERSION = YES;
				CLANG_WARN_OBJC_IMPLICIT_RETAIN_SELF = YES;
				CLANG_WARN_OBJC_LITERAL_CONVERSION = YES;
				CLANG_WARN_OBJC_ROOT_CLASS = YES_ERROR;
				CLANG_WARN_QUOTED_INCLUDE_IN_FRAMEWORK_HEADER = YES;
				CLANG_WARN_RANGE_LOOP_ANALYSIS = YES;
				CLANG_WARN_STRICT_PROTOTYPES = YES;
				CLANG_WARN_SUSPICIOUS_MOVE = YES;
				CLANG_WARN_UNGUARDED_AVAILABILITY = YES_AGGRESSIVE;
				CLANG_WARN_UNREACHABLE_CODE = YES;
				CLANG_WARN__DUPLICATE_METHOD_MATCH = YES;
				COPY_PHASE_STRIP = NO;
				DEBUG_INFORMATION_FORMAT = dwarf;
				ENABLE_STRICT_OBJC_MSGSEND = YES;
				ENABLE_TESTABILITY = YES;
				ENABLE_USER_SCRIPT_SANDBOXING = YES;
				GCC_C_LANGUAGE_STANDARD = gnu17;
				GCC_DYNAMIC_NO_PIC = NO;
				GCC_NO_COMMON_BLOCKS = YES;
				GCC_OPTIMIZATION_LEVEL = 0;
				GCC_PREPROCESSOR_DEFINITIONS = (
					"DEBUG=1",
					"$(inherited)",
				);
				GCC_WARN_64_TO_32_BIT_CONVERSION = YES;
				GCC_WARN_ABOUT_RETURN_TYPE = YES_ERROR;
				GCC_WARN_UNDECLARED_SELECTOR = YES;
				GCC_WARN_UNINITIALIZED_AUTOS = YES_AGGRESSIVE;
				GCC_WARN_UNUSED_FUNCTION = YES;
				GCC_WARN_UNUSED_VARIABLE = YES;
				IPHONEOS_DEPLOYMENT_TARGET = 17.4;
				LOCALIZATION_PREFERS_STRING_CATALOGS = YES;
				MTL_ENABLE_DEBUG_INFO = INCLUDE_SOURCE;
				MTL_FAST_MATH = YES;
				ONLY_ACTIVE_ARCH = YES;
				SDKROOT = iphoneos;
				SWIFT_ACTIVE_COMPILATION_CONDITIONS = "DEBUG $(inherited)";
				SWIFT_OPTIMIZATION_LEVEL = "-Onone";
			};
			name = Debug;
		};
		BF58779D2BB6C05B00988AE5 /* Release */ = {
			isa = XCBuildConfiguration;
			buildSettings = {
				ALWAYS_SEARCH_USER_PATHS = NO;
				ASSETCATALOG_COMPILER_GENERATE_SWIFT_ASSET_SYMBOL_EXTENSIONS = YES;
				CLANG_ANALYZER_NONNULL = YES;
				CLANG_ANALYZER_NUMBER_OBJECT_CONVERSION = YES_AGGRESSIVE;
				CLANG_CXX_LANGUAGE_STANDARD = "gnu++20";
				CLANG_ENABLE_MODULES = YES;
				CLANG_ENABLE_OBJC_ARC = YES;
				CLANG_ENABLE_OBJC_WEAK = YES;
				CLANG_WARN_BLOCK_CAPTURE_AUTORELEASING = YES;
				CLANG_WARN_BOOL_CONVERSION = YES;
				CLANG_WARN_COMMA = YES;
				CLANG_WARN_CONSTANT_CONVERSION = YES;
				CLANG_WARN_DEPRECATED_OBJC_IMPLEMENTATIONS = YES;
				CLANG_WARN_DIRECT_OBJC_ISA_USAGE = YES_ERROR;
				CLANG_WARN_DOCUMENTATION_COMMENTS = YES;
				CLANG_WARN_EMPTY_BODY = YES;
				CLANG_WARN_ENUM_CONVERSION = YES;
				CLANG_WARN_INFINITE_RECURSION = YES;
				CLANG_WARN_INT_CONVERSION = YES;
				CLANG_WARN_NON_LITERAL_NULL_CONVERSION = YES;
				CLANG_WARN_OBJC_IMPLICIT_RETAIN_SELF = YES;
				CLANG_WARN_OBJC_LITERAL_CONVERSION = YES;
				CLANG_WARN_OBJC_ROOT_CLASS = YES_ERROR;
				CLANG_WARN_QUOTED_INCLUDE_IN_FRAMEWORK_HEADER = YES;
				CLANG_WARN_RANGE_LOOP_ANALYSIS = YES;
				CLANG_WARN_STRICT_PROTOTYPES = YES;
				CLANG_WARN_SUSPICIOUS_MOVE = YES;
				CLANG_WARN_UNGUARDED_AVAILABILITY = YES_AGGRESSIVE;
				CLANG_WARN_UNREACHABLE_CODE = YES;
				CLANG_WARN__DUPLICATE_METHOD_MATCH = YES;
				COPY_PHASE_STRIP = NO;
				DEBUG_INFORMATION_FORMAT = "dwarf-with-dsym";
				ENABLE_NS_ASSERTIONS = NO;
				ENABLE_STRICT_OBJC_MSGSEND = YES;
				ENABLE_USER_SCRIPT_SANDBOXING = YES;
				GCC_C_LANGUAGE_STANDARD = gnu17;
				GCC_NO_COMMON_BLOCKS = YES;
				GCC_WARN_64_TO_32_BIT_CONVERSION = YES;
				GCC_WARN_ABOUT_RETURN_TYPE = YES_ERROR;
				GCC_WARN_UNDECLARED_SELECTOR = YES;
				GCC_WARN_UNINITIALIZED_AUTOS = YES_AGGRESSIVE;
				GCC_WARN_UNUSED_FUNCTION = YES;
				GCC_WARN_UNUSED_VARIABLE = YES;
				IPHONEOS_DEPLOYMENT_TARGET = 17.4;
				LOCALIZATION_PREFERS_STRING_CATALOGS = YES;
				MTL_ENABLE_DEBUG_INFO = NO;
				MTL_FAST_MATH = YES;
				SDKROOT = iphoneos;
				SWIFT_COMPILATION_MODE = wholemodule;
				VALIDATE_PRODUCT = YES;
			};
			name = Release;
		};
		BF58779F2BB6C05B00988AE5 /* Debug */ = {
			isa = XCBuildConfiguration;
			buildSettings = {
				ASSETCATALOG_COMPILER_APPICON_NAME = AppIcon;
				ASSETCATALOG_COMPILER_GLOBAL_ACCENT_COLOR_NAME = AccentColor;
				CODE_SIGN_STYLE = Automatic;
				CURRENT_PROJECT_VERSION = 1;
				DEVELOPMENT_ASSET_PATHS = "\"MessengerTutorial/Preview Content\"";
				DEVELOPMENT_TEAM = F922WC2HX9;
				ENABLE_PREVIEWS = YES;
				GENERATE_INFOPLIST_FILE = YES;
				INFOPLIST_KEY_UIApplicationSceneManifest_Generation = YES;
				INFOPLIST_KEY_UIApplicationSupportsIndirectInputEvents = YES;
				INFOPLIST_KEY_UILaunchScreen_Generation = YES;
				INFOPLIST_KEY_UISupportedInterfaceOrientations_iPad = "UIInterfaceOrientationPortrait UIInterfaceOrientationPortraitUpsideDown UIInterfaceOrientationLandscapeLeft UIInterfaceOrientationLandscapeRight";
				INFOPLIST_KEY_UISupportedInterfaceOrientations_iPhone = "UIInterfaceOrientationPortrait UIInterfaceOrientationLandscapeLeft UIInterfaceOrientationLandscapeRight";
				LD_RUNPATH_SEARCH_PATHS = (
					"$(inherited)",
					"@executable_path/Frameworks",
				);
				MARKETING_VERSION = 1.0;
				PRODUCT_BUNDLE_IDENTIFIER = dev.dream.MessengerTutorial;
				PRODUCT_NAME = "$(TARGET_NAME)";
				SWIFT_EMIT_LOC_STRINGS = YES;
				SWIFT_VERSION = 5.0;
				TARGETED_DEVICE_FAMILY = "1,2";
			};
			name = Debug;
		};
		BF5877A02BB6C05B00988AE5 /* Release */ = {
			isa = XCBuildConfiguration;
			buildSettings = {
				ASSETCATALOG_COMPILER_APPICON_NAME = AppIcon;
				ASSETCATALOG_COMPILER_GLOBAL_ACCENT_COLOR_NAME = AccentColor;
				CODE_SIGN_STYLE = Automatic;
				CURRENT_PROJECT_VERSION = 1;
				DEVELOPMENT_ASSET_PATHS = "\"MessengerTutorial/Preview Content\"";
				DEVELOPMENT_TEAM = F922WC2HX9;
				ENABLE_PREVIEWS = YES;
				GENERATE_INFOPLIST_FILE = YES;
				INFOPLIST_KEY_UIApplicationSceneManifest_Generation = YES;
				INFOPLIST_KEY_UIApplicationSupportsIndirectInputEvents = YES;
				INFOPLIST_KEY_UILaunchScreen_Generation = YES;
				INFOPLIST_KEY_UISupportedInterfaceOrientations_iPad = "UIInterfaceOrientationPortrait UIInterfaceOrientationPortraitUpsideDown UIInterfaceOrientationLandscapeLeft UIInterfaceOrientationLandscapeRight";
				INFOPLIST_KEY_UISupportedInterfaceOrientations_iPhone = "UIInterfaceOrientationPortrait UIInterfaceOrientationLandscapeLeft UIInterfaceOrientationLandscapeRight";
				LD_RUNPATH_SEARCH_PATHS = (
					"$(inherited)",
					"@executable_path/Frameworks",
				);
				MARKETING_VERSION = 1.0;
				PRODUCT_BUNDLE_IDENTIFIER = dev.dream.MessengerTutorial;
				PRODUCT_NAME = "$(TARGET_NAME)";
				SWIFT_EMIT_LOC_STRINGS = YES;
				SWIFT_VERSION = 5.0;
				TARGETED_DEVICE_FAMILY = "1,2";
			};
			name = Release;
		};
/* End XCBuildConfiguration section */

/* Begin XCConfigurationList section */
		BF58778B2BB6C05900988AE5 /* Build configuration list for PBXProject "MessengerTutorial" */ = {
			isa = XCConfigurationList;
			buildConfigurations = (
				BF58779C2BB6C05B00988AE5 /* Debug */,
				BF58779D2BB6C05B00988AE5 /* Release */,
			);
			defaultConfigurationIsVisible = 0;
			defaultConfigurationName = Release;
		};
		BF58779E2BB6C05B00988AE5 /* Build configuration list for PBXNativeTarget "MessengerTutorial" */ = {
			isa = XCConfigurationList;
			buildConfigurations = (
				BF58779F2BB6C05B00988AE5 /* Debug */,
				BF5877A02BB6C05B00988AE5 /* Release */,
			);
			defaultConfigurationIsVisible = 0;
			defaultConfigurationName = Release;
		};
/* End XCConfigurationList section */

/* Begin XCRemoteSwiftPackageReference section */
		BF5877CF2BB7F83F00988AE5 /* XCRemoteSwiftPackageReference "firebase-ios-sdk" */ = {
			isa = XCRemoteSwiftPackageReference;
			repositoryURL = "https://github.com/firebase/firebase-ios-sdk";
			requirement = {
				kind = upToNextMajorVersion;
				minimumVersion = 10.23.1;
			};
		};
/* End XCRemoteSwiftPackageReference section */

/* Begin XCSwiftPackageProductDependency section */
		BF5877D02BB7F83F00988AE5 /* FirebaseAuth */ = {
			isa = XCSwiftPackageProductDependency;
			package = BF5877CF2BB7F83F00988AE5 /* XCRemoteSwiftPackageReference "firebase-ios-sdk" */;
			productName = FirebaseAuth;
		};
		BF5877D22BB7F83F00988AE5 /* FirebaseFirestore */ = {
			isa = XCSwiftPackageProductDependency;
			package = BF5877CF2BB7F83F00988AE5 /* XCRemoteSwiftPackageReference "firebase-ios-sdk" */;
			productName = FirebaseFirestore;
		};
		BF5877D42BB7F83F00988AE5 /* FirebaseFirestoreSwift */ = {
			isa = XCSwiftPackageProductDependency;
			package = BF5877CF2BB7F83F00988AE5 /* XCRemoteSwiftPackageReference "firebase-ios-sdk" */;
			productName = FirebaseFirestoreSwift;
		};
		BF5877D62BB7F83F00988AE5 /* FirebaseStorage */ = {
			isa = XCSwiftPackageProductDependency;
			package = BF5877CF2BB7F83F00988AE5 /* XCRemoteSwiftPackageReference "firebase-ios-sdk" */;
			productName = FirebaseStorage;
		};
/* End XCSwiftPackageProductDependency section */
	};
	rootObject = BF5877882BB6C05900988AE5 /* Project object */;
}
